// !$*UTF8*$!
{
	archiveVersion = 1;
	classes = {
	};
	objectVersion = 50;
	objects = {

/* Begin PBXBuildFile section */
		A5396F1E23F2479F00CEF7B9 /* ConcentrationThemeChooserViewController.swift in Sources */ = {isa = PBXBuildFile; fileRef = A5396F1D23F2479F00CEF7B9 /* ConcentrationThemeChooserViewController.swift */; };
		A5671799238E6F2F008CCE4C /* AppDelegate.swift in Sources */ = {isa = PBXBuildFile; fileRef = A5671798238E6F2F008CCE4C /* AppDelegate.swift */; };
		A567179B238E6F2F008CCE4C /* SceneDelegate.swift in Sources */ = {isa = PBXBuildFile; fileRef = A567179A238E6F2F008CCE4C /* SceneDelegate.swift */; };
		A567179D238E6F30008CCE4C /* ConcentrationViewController.swift in Sources */ = {isa = PBXBuildFile; fileRef = A567179C238E6F30008CCE4C /* ConcentrationViewController.swift */; };
		A56717A0238E6F30008CCE4C /* Main.storyboard in Resources */ = {isa = PBXBuildFile; fileRef = A567179E238E6F30008CCE4C /* Main.storyboard */; };
		A56717A2238E6F32008CCE4C /* Assets.xcassets in Resources */ = {isa = PBXBuildFile; fileRef = A56717A1238E6F32008CCE4C /* Assets.xcassets */; };
		A56717A5238E6F32008CCE4C /* LaunchScreen.storyboard in Resources */ = {isa = PBXBuildFile; fileRef = A56717A3238E6F32008CCE4C /* LaunchScreen.storyboard */; };
		A56F9E502397586800DDDFAC /* Concentration.swift in Sources */ = {isa = PBXBuildFile; fileRef = A56F9E4F2397586800DDDFAC /* Concentration.swift */; };
		A56F9E52239759CB00DDDFAC /* Card.swift in Sources */ = {isa = PBXBuildFile; fileRef = A56F9E51239759CB00DDDFAC /* Card.swift */; };
/* End PBXBuildFile section */

/* Begin PBXFileReference section */
		A5396F1D23F2479F00CEF7B9 /* ConcentrationThemeChooserViewController.swift */ = {isa = PBXFileReference; lastKnownFileType = sourcecode.swift; path = ConcentrationThemeChooserViewController.swift; sourceTree = "<group>"; };
		A5671795238E6F2F008CCE4C /* Concentration.app */ = {isa = PBXFileReference; explicitFileType = wrapper.application; includeInIndex = 0; path = Concentration.app; sourceTree = BUILT_PRODUCTS_DIR; };
		A5671798238E6F2F008CCE4C /* AppDelegate.swift */ = {isa = PBXFileReference; lastKnownFileType = sourcecode.swift; path = AppDelegate.swift; sourceTree = "<group>"; };
		A567179A238E6F2F008CCE4C /* SceneDelegate.swift */ = {isa = PBXFileReference; lastKnownFileType = sourcecode.swift; path = SceneDelegate.swift; sourceTree = "<group>"; };
		A567179C238E6F30008CCE4C /* ConcentrationViewController.swift */ = {isa = PBXFileReference; lastKnownFileType = sourcecode.swift; path = ConcentrationViewController.swift; sourceTree = "<group>"; };
		A567179F238E6F30008CCE4C /* Base */ = {isa = PBXFileReference; lastKnownFileType = file.storyboard; name = Base; path = Base.lproj/Main.storyboard; sourceTree = "<group>"; };
		A56717A1238E6F32008CCE4C /* Assets.xcassets */ = {isa = PBXFileReference; lastKnownFileType = folder.assetcatalog; path = Assets.xcassets; sourceTree = "<group>"; };
		A56717A4238E6F32008CCE4C /* Base */ = {isa = PBXFileReference; lastKnownFileType = file.storyboard; name = Base; path = Base.lproj/LaunchScreen.storyboard; sourceTree = "<group>"; };
		A56717A6238E6F32008CCE4C /* Info.plist */ = {isa = PBXFileReference; lastKnownFileType = text.plist.xml; path = Info.plist; sourceTree = "<group>"; };
		A56F9E4F2397586800DDDFAC /* Concentration.swift */ = {isa = PBXFileReference; lastKnownFileType = sourcecode.swift; path = Concentration.swift; sourceTree = SOURCE_ROOT; };
		A56F9E51239759CB00DDDFAC /* Card.swift */ = {isa = PBXFileReference; lastKnownFileType = sourcecode.swift; path = Card.swift; sourceTree = "<group>"; };
/* End PBXFileReference section */

/* Begin PBXFrameworksBuildPhase section */
		A5671792238E6F2F008CCE4C /* Frameworks */ = {
			isa = PBXFrameworksBuildPhase;
			buildActionMask = 2147483647;
			files = (
			);
			runOnlyForDeploymentPostprocessing = 0;
		};
/* End PBXFrameworksBuildPhase section */

/* Begin PBXGroup section */
		A567178C238E6F2F008CCE4C = {
			isa = PBXGroup;
			children = (
				A5671797238E6F2F008CCE4C /* Concentration */,
				A5671796238E6F2F008CCE4C /* Products */,
			);
			sourceTree = "<group>";
		};
		A5671796238E6F2F008CCE4C /* Products */ = {
			isa = PBXGroup;
			children = (
				A5671795238E6F2F008CCE4C /* Concentration.app */,
			);
			name = Products;
			sourceTree = "<group>";
		};
		A5671797238E6F2F008CCE4C /* Concentration */ = {
			isa = PBXGroup;
			children = (
				A56F9E4F2397586800DDDFAC /* Concentration.swift */,
				A56F9E51239759CB00DDDFAC /* Card.swift */,
				A56717AC238E6F6C008CCE4C /* Supporting Files */,
				A567179A238E6F2F008CCE4C /* SceneDelegate.swift */,
				A567179C238E6F30008CCE4C /* ConcentrationViewController.swift */,
				A567179E238E6F30008CCE4C /* Main.storyboard */,
				A5396F1D23F2479F00CEF7B9 /* ConcentrationThemeChooserViewController.swift */,
				A56717A6238E6F32008CCE4C /* Info.plist */,
			);
			path = Concentration;
			sourceTree = "<group>";
		};
		A56717AC238E6F6C008CCE4C /* Supporting Files */ = {
			isa = PBXGroup;
			children = (
				A5671798238E6F2F008CCE4C /* AppDelegate.swift */,
				A56717A1238E6F32008CCE4C /* Assets.xcassets */,
				A56717A3238E6F32008CCE4C /* LaunchScreen.storyboard */,
			);
			path = "Supporting Files";
			sourceTree = "<group>";
		};
/* End PBXGroup section */

/* Begin PBXNativeTarget section */
		A5671794238E6F2F008CCE4C /* Concentration */ = {
			isa = PBXNativeTarget;
			buildConfigurationList = A56717A9238E6F32008CCE4C /* Build configuration list for PBXNativeTarget "Concentration" */;
			buildPhases = (
				A5671791238E6F2F008CCE4C /* Sources */,
				A5671792238E6F2F008CCE4C /* Frameworks */,
				A5671793238E6F2F008CCE4C /* Resources */,
			);
			buildRules = (
			);
			dependencies = (
			);
			name = Concentration;
			productName = Concentration;
			productReference = A5671795238E6F2F008CCE4C /* Concentration.app */;
			productType = "com.apple.product-type.application";
		};
/* End PBXNativeTarget section */

/* Begin PBXProject section */
		A567178D238E6F2F008CCE4C /* Project object */ = {
			isa = PBXProject;
			attributes = {
				LastSwiftUpdateCheck = 1120;
				LastUpgradeCheck = 1120;
				ORGANIZATIONNAME = "Angus Lee";
				TargetAttributes = {
					A5671794238E6F2F008CCE4C = {
						CreatedOnToolsVersion = 11.2.1;
					};
				};
			};
			buildConfigurationList = A5671790238E6F2F008CCE4C /* Build configuration list for PBXProject "Concentration" */;
			compatibilityVersion = "Xcode 9.3";
			developmentRegion = en;
			hasScannedForEncodings = 0;
			knownRegions = (
				en,
				Base,
			);
			mainGroup = A567178C238E6F2F008CCE4C;
			productRefGroup = A5671796238E6F2F008CCE4C /* Products */;
			projectDirPath = "";
			projectRoot = "";
			targets = (
				A5671794238E6F2F008CCE4C /* Concentration */,
			);
		};
/* End PBXProject section */

/* Begin PBXResourcesBuildPhase section */
		A5671793238E6F2F008CCE4C /* Resources */ = {
			isa = PBXResourcesBuildPhase;
			buildActionMask = 2147483647;
			files = (
				A56717A5238E6F32008CCE4C /* LaunchScreen.storyboard in Resources */,
				A56717A2238E6F32008CCE4C /* Assets.xcassets in Resources */,
				A56717A0238E6F30008CCE4C /* Main.storyboard in Resources */,
			);
			runOnlyForDeploymentPostprocessing = 0;
		};
/* End PBXResourcesBuildPhase section */

/* Begin PBXSourcesBuildPhase section */
		A5671791238E6F2F008CCE4C /* Sources */ = {
			isa = PBXSourcesBuildPhase;
			buildActionMask = 2147483647;
			files = (
				A567179D238E6F30008CCE4C /* ConcentrationViewController.swift in Sources */,
				A56F9E502397586800DDDFAC /* Concentration.swift in Sources */,
				A56F9E52239759CB00DDDFAC /* Card.swift in Sources */,
				A5671799238E6F2F008CCE4C /* AppDelegate.swift in Sources */,
				A5396F1E23F2479F00CEF7B9 /* ConcentrationThemeChooserViewController.swift in Sources */,
				A567179B238E6F2F008CCE4C /* SceneDelegate.swift in Sources */,
			);
			runOnlyForDeploymentPostprocessing = 0;
		};
/* End PBXSourcesBuildPhase section */

/* Begin PBXVariantGroup section */
		A567179E238E6F30008CCE4C /* Main.storyboard */ = {
			isa = PBXVariantGroup;
			children = (
				A567179F238E6F30008CCE4C /* Base */,
			);
			name = Main.storyboard;
			sourceTree = "<group>";
		};
		A56717A3238E6F32008CCE4C /* LaunchScreen.storyboard */ = {
			isa = PBXVariantGroup;
			children = (
				A56717A4238E6F32008CCE4C /* Base */,
			);
			name = LaunchScreen.storyboard;
			sourceTree = "<group>";
		};
/* End PBXVariantGroup section */

/* Begin XCBuildConfiguration section */
		A56717A7238E6F32008CCE4C /* Debug */ = {
			isa = XCBuildConfiguration;
			buildSettings = {
				ALWAYS_SEARCH_USER_PATHS = NO;
				CLANG_ANALYZER_NONNULL = YES;
				CLANG_ANALYZER_NUMBER_OBJECT_CONVERSION = YES_AGGRESSIVE;
				CLANG_CXX_LANGUAGE_STANDARD = "gnu++14";
				CLANG_CXX_LIBRARY = "libc++";
				CLANG_ENABLE_MODULES = YES;
				CLANG_ENABLE_OBJC_ARC = YES;
				CLANG_ENABLE_OBJC_WEAK = YES;
				CLANG_WARN_BLOCK_CAPTURE_AUTORELEASING = YES;
				CLANG_WARN_BOOL_CONVERSION = YES;
				CLANG_WARN_COMMA = YES;
				CLANG_WARN_CONSTANT_CONVERSION = YES;
				CLANG_WARN_DEPRECATED_OBJC_IMPLEMENTATIONS = YES;
				CLANG_WARN_DIRECT_OBJC_ISA_USAGE = YES_ERROR;
				CLANG_WARN_DOCUMENTATION_COMMENTS = YES;
				CLANG_WARN_EMPTY_BODY = YES;
				CLANG_WARN_ENUM_CONVERSION = YES;
				CLANG_WARN_INFINITE_RECURSION = YES;
				CLANG_WARN_INT_CONVERSION = YES;
				CLANG_WARN_NON_LITERAL_NULL_CONVERSION = YES;
				CLANG_WARN_OBJC_IMPLICIT_RETAIN_SELF = YES;
				CLANG_WARN_OBJC_LITERAL_CONVERSION = YES;
				CLANG_WARN_OBJC_ROOT_CLASS = YES_ERROR;
				CLANG_WARN_RANGE_LOOP_ANALYSIS = YES;
				CLANG_WARN_STRICT_PROTOTYPES = YES;
				CLANG_WARN_SUSPICIOUS_MOVE = YES;
				CLANG_WARN_UNGUARDED_AVAILABILITY = YES_AGGRESSIVE;
				CLANG_WARN_UNREACHABLE_CODE = YES;
				CLANG_WARN__DUPLICATE_METHOD_MATCH = YES;
				COPY_PHASE_STRIP = NO;
				DEBUG_INFORMATION_FORMAT = dwarf;
				ENABLE_STRICT_OBJC_MSGSEND = YES;
				ENABLE_TESTABILITY = YES;
				GCC_C_LANGUAGE_STANDARD = gnu11;
				GCC_DYNAMIC_NO_PIC = NO;
				GCC_NO_COMMON_BLOCKS = YES;
				GCC_OPTIMIZATION_LEVEL = 0;
				GCC_PREPROCESSOR_DEFINITIONS = (
					"DEBUG=1",
					"$(inherited)",
				);
				GCC_WARN_64_TO_32_BIT_CONVERSION = YES;
				GCC_WARN_ABOUT_RETURN_TYPE = YES_ERROR;
				GCC_WARN_UNDECLARED_SELECTOR = YES;
				GCC_WARN_UNINITIALIZED_AUTOS = YES_AGGRESSIVE;
				GCC_WARN_UNUSED_FUNCTION = YES;
				GCC_WARN_UNUSED_VARIABLE = YES;
				IPHONEOS_DEPLOYMENT_TARGET = 13.2;
				MTL_ENABLE_DEBUG_INFO = INCLUDE_SOURCE;
				MTL_FAST_MATH = YES;
				ONLY_ACTIVE_ARCH = YES;
				SDKROOT = iphoneos;
				SWIFT_ACTIVE_COMPILATION_CONDITIONS = DEBUG;
				SWIFT_OPTIMIZATION_LEVEL = "-Onone";
			};
			name = Debug;
		};
		A56717A8238E6F32008CCE4C /* Release */ = {
			isa = XCBuildConfiguration;
			buildSettings = {
				ALWAYS_SEARCH_USER_PATHS = NO;
				CLANG_ANALYZER_NONNULL = YES;
				CLANG_ANALYZER_NUMBER_OBJECT_CONVERSION = YES_AGGRESSIVE;
				CLANG_CXX_LANGUAGE_STANDARD = "gnu++14";
				CLANG_CXX_LIBRARY = "libc++";
				CLANG_ENABLE_MODULES = YES;
				CLANG_ENABLE_OBJC_ARC = YES;
				CLANG_ENABLE_OBJC_WEAK = YES;
				CLANG_WARN_BLOCK_CAPTURE_AUTORELEASING = YES;
				CLANG_WARN_BOOL_CONVERSION = YES;
				CLANG_WARN_COMMA = YES;
				CLANG_WARN_CONSTANT_CONVERSION = YES;
				CLANG_WARN_DEPRECATED_OBJC_IMPLEMENTATIONS = YES;
				CLANG_WARN_DIRECT_OBJC_ISA_USAGE = YES_ERROR;
				CLANG_WARN_DOCUMENTATION_COMMENTS = YES;
				CLANG_WARN_EMPTY_BODY = YES;
				CLANG_WARN_ENUM_CONVERSION = YES;
				CLANG_WARN_INFINITE_RECURSION = YES;
				CLANG_WARN_INT_CONVERSION = YES;
				CLANG_WARN_NON_LITERAL_NULL_CONVERSION = YES;
				CLANG_WARN_OBJC_IMPLICIT_RETAIN_SELF = YES;
				CLANG_WARN_OBJC_LITERAL_CONVERSION = YES;
				CLANG_WARN_OBJC_ROOT_CLASS = YES_ERROR;
				CLANG_WARN_RANGE_LOOP_ANALYSIS = YES;
				CLANG_WARN_STRICT_PROTOTYPES = YES;
				CLANG_WARN_SUSPICIOUS_MOVE = YES;
				CLANG_WARN_UNGUARDED_AVAILABILITY = YES_AGGRESSIVE;
				CLANG_WARN_UNREACHABLE_CODE = YES;
				CLANG_WARN__DUPLICATE_METHOD_MATCH = YES;
				COPY_PHASE_STRIP = NO;
				DEBUG_INFORMATION_FORMAT = "dwarf-with-dsym";
				ENABLE_NS_ASSERTIONS = NO;
				ENABLE_STRICT_OBJC_MSGSEND = YES;
				GCC_C_LANGUAGE_STANDARD = gnu11;
				GCC_NO_COMMON_BLOCKS = YES;
				GCC_WARN_64_TO_32_BIT_CONVERSION = YES;
				GCC_WARN_ABOUT_RETURN_TYPE = YES_ERROR;
				GCC_WARN_UNDECLARED_SELECTOR = YES;
				GCC_WARN_UNINITIALIZED_AUTOS = YES_AGGRESSIVE;
				GCC_WARN_UNUSED_FUNCTION = YES;
				GCC_WARN_UNUSED_VARIABLE = YES;
				IPHONEOS_DEPLOYMENT_TARGET = 13.2;
				MTL_ENABLE_DEBUG_INFO = NO;
				MTL_FAST_MATH = YES;
				SDKROOT = iphoneos;
				SWIFT_COMPILATION_MODE = wholemodule;
				SWIFT_OPTIMIZATION_LEVEL = "-O";
				VALIDATE_PRODUCT = YES;
			};
			name = Release;
		};
		A56717AA238E6F32008CCE4C /* Debug */ = {
			isa = XCBuildConfiguration;
			buildSettings = {
				ASSETCATALOG_COMPILER_APPICON_NAME = AppIcon;
				CODE_SIGN_STYLE = Automatic;
				DEVELOPMENT_TEAM = DDDN6ZBDLM;
				INFOPLIST_FILE = Concentration/Info.plist;
				LD_RUNPATH_SEARCH_PATHS = (
					"$(inherited)",
					"@executable_path/Frameworks",
				);
				PRODUCT_BUNDLE_IDENTIFIER = edu.zju.3160101038.Concentration;
				PRODUCT_NAME = "$(TARGET_NAME)";
				SWIFT_VERSION = 5.0;
				TARGETED_DEVICE_FAMILY = "1,2";
			};
			name = Debug;
		};
		A56717AB238E6F32008CCE4C /* Release */ = {
			isa = XCBuildConfiguration;
			buildSettings = {
				ASSETCATALOG_COMPILER_APPICON_NAME = AppIcon;
				CODE_SIGN_STYLE = Automatic;
				DEVELOPMENT_TEAM = DDDN6ZBDLM;
				INFOPLIST_FILE = Concentration/Info.plist;
				LD_RUNPATH_SEARCH_PATHS = (
					"$(inherited)",
					"@executable_path/Frameworks",
				);
				PRODUCT_BUNDLE_IDENTIFIER = edu.zju.3160101038.Concentration;
				PRODUCT_NAME = "$(TARGET_NAME)";
				SWIFT_VERSION = 5.0;
				TARGETED_DEVICE_FAMILY = "1,2";
			};
			name = Release;
		};
/* End XCBuildConfiguration section */

/* Begin XCConfigurationList section */
		A5671790238E6F2F008CCE4C /* Build configuration list for PBXProject "Concentration" */ = {
			isa = XCConfigurationList;
			buildConfigurations = (
				A56717A7238E6F32008CCE4C /* Debug */,
				A56717A8238E6F32008CCE4C /* Release */,
			);
			defaultConfigurationIsVisible = 0;
			defaultConfigurationName = Release;
		};
		A56717A9238E6F32008CCE4C /* Build configuration list for PBXNativeTarget "Concentration" */ = {
			isa = XCConfigurationList;
			buildConfigurations = (
				A56717AA238E6F32008CCE4C /* Debug */,
				A56717AB238E6F32008CCE4C /* Release */,
			);
			defaultConfigurationIsVisible = 0;
			defaultConfigurationName = Release;
		};
/* End XCConfigurationList section */
	};
	rootObject = A567178D238E6F2F008CCE4C /* Project object */;
}
